
Microsoft Visual Studio Solution File, Format Version 12.00
# Visual Studio 15
VisualStudioVersion = 15.0.26430.16
MinimumVisualStudioVersion = 10.0.40219.1
Project("{FAE04EC0-301F-11D3-BF4B-00C04F79EFBC}") = "Alpha_2017_03.SpellCaster", "Alpha_2017_03.SpellCaster\Alpha_2017_03.SpellCaster.csproj", "{D8EBBDC5-EC64-4606-93E9-844D5FCF7FB2}"
EndProject
Project("{FAE04EC0-301F-11D3-BF4B-00C04F79EFBC}") = "Alpha_2017_01.MazeRunner", "Alpha_2017_01.MazeRunner\Alpha_2017_01.MazeRunner.csproj", "{BADFB756-06B8-46D4-A6FE-E16D1A7070D5}"
EndProject
Project("{FAE04EC0-301F-11D3-BF4B-00C04F79EFBC}") = "Alpha_2017_02.PaperCutter", "Alpha_2017_02.PaperCutter\Alpha_2017_02.PaperCutter.csproj", "{8E42DBA0-6B8F-48D9-A6C2-44DE1C4E1A4D}"
EndProject
Project("{2150E333-8FDC-42A3-9474-1A3956D46DE8}") = "Alpha 2017 Exam", "Alpha 2017 Exam", "{4AA9CDEB-69F0-4E9F-A905-394172E3A0FA}"
EndProject
Project("{2150E333-8FDC-42A3-9474-1A3956D46DE8}") = "Telerik Academy", "Telerik Academy", "{121AEC97-C395-427C-B8A2-230E92B1263E}"
EndProject
Project("{2150E333-8FDC-42A3-9474-1A3956D46DE8}") = "HackerRank", "HackerRank", "{A182B01F-2FEB-4A16-8980-2766E7FAD70F}"
EndProject
Project("{2150E333-8FDC-42A3-9474-1A3956D46DE8}") = "01. Algorithms", "01. Algorithms", "{B151371E-D87A-4AE4-AEC1-AC4420DE9BF1}"
EndProject
Project("{FAE04EC0-301F-11D3-BF4B-00C04F79EFBC}") = "HR0101.SolveMeFirst", "HR0101.SolveMeFirst\HR0101.SolveMeFirst.csproj", "{5AC711D6-3CE4-4FFF-9DCB-28D996D26BBD}"
EndProject
Global
	GlobalSection(SolutionConfigurationPlatforms) = preSolution
		Debug|Any CPU = Debug|Any CPU
		Release|Any CPU = Release|Any CPU
	EndGlobalSection
	GlobalSection(ProjectConfigurationPlatforms) = postSolution
		{D8EBBDC5-EC64-4606-93E9-844D5FCF7FB2}.Debug|Any CPU.ActiveCfg = Debug|Any CPU
		{D8EBBDC5-EC64-4606-93E9-844D5FCF7FB2}.Debug|Any CPU.Build.0 = Debug|Any CPU
		{D8EBBDC5-EC64-4606-93E9-844D5FCF7FB2}.Release|Any CPU.ActiveCfg = Release|Any CPU
		{D8EBBDC5-EC64-4606-93E9-844D5FCF7FB2}.Release|Any CPU.Build.0 = Release|Any CPU
		{BADFB756-06B8-46D4-A6FE-E16D1A7070D5}.Debug|Any CPU.ActiveCfg = Debug|Any CPU
		{BADFB756-06B8-46D4-A6FE-E16D1A7070D5}.Debug|Any CPU.Build.0 = Debug|Any CPU
		{BADFB756-06B8-46D4-A6FE-E16D1A7070D5}.Release|Any CPU.ActiveCfg = Release|Any CPU
		{BADFB756-06B8-46D4-A6FE-E16D1A7070D5}.Release|Any CPU.Build.0 = Release|Any CPU
		{8E42DBA0-6B8F-48D9-A6C2-44DE1C4E1A4D}.Debug|Any CPU.ActiveCfg = Debug|Any CPU
		{8E42DBA0-6B8F-48D9-A6C2-44DE1C4E1A4D}.Debug|Any CPU.Build.0 = Debug|Any CPU
		{8E42DBA0-6B8F-48D9-A6C2-44DE1C4E1A4D}.Release|Any CPU.ActiveCfg = Release|Any CPU
		{8E42DBA0-6B8F-48D9-A6C2-44DE1C4E1A4D}.Release|Any CPU.Build.0 = Release|Any CPU
		{5AC711D6-3CE4-4FFF-9DCB-28D996D26BBD}.Debug|Any CPU.ActiveCfg = Debug|Any CPU
		{5AC711D6-3CE4-4FFF-9DCB-28D996D26BBD}.Debug|Any CPU.Build.0 = Debug|Any CPU
		{5AC711D6-3CE4-4FFF-9DCB-28D996D26BBD}.Release|Any CPU.ActiveCfg = Release|Any CPU
		{5AC711D6-3CE4-4FFF-9DCB-28D996D26BBD}.Release|Any CPU.Build.0 = Release|Any CPU
	EndGlobalSection
	GlobalSection(SolutionProperties) = preSolution
		HideSolutionNode = FALSE
	EndGlobalSection
	GlobalSection(NestedProjects) = preSolution
		{D8EBBDC5-EC64-4606-93E9-844D5FCF7FB2} = {4AA9CDEB-69F0-4E9F-A905-394172E3A0FA}
		{BADFB756-06B8-46D4-A6FE-E16D1A7070D5} = {4AA9CDEB-69F0-4E9F-A905-394172E3A0FA}
		{8E42DBA0-6B8F-48D9-A6C2-44DE1C4E1A4D} = {4AA9CDEB-69F0-4E9F-A905-394172E3A0FA}
		{4AA9CDEB-69F0-4E9F-A905-394172E3A0FA} = {121AEC97-C395-427C-B8A2-230E92B1263E}
		{B151371E-D87A-4AE4-AEC1-AC4420DE9BF1} = {A182B01F-2FEB-4A16-8980-2766E7FAD70F}
		{5AC711D6-3CE4-4FFF-9DCB-28D996D26BBD} = {B151371E-D87A-4AE4-AEC1-AC4420DE9BF1}
	EndGlobalSection
EndGlobal
