
Microsoft Visual Studio Solution File, Format Version 12.00
# Visual Studio 15
VisualStudioVersion = 15.0.26430.16
MinimumVisualStudioVersion = 10.0.40219.1
Project("{FAE04EC0-301F-11D3-BF4B-00C04F79EFBC}") = "Alpha_2017_03.SpellCaster", "Alpha_2017_03.SpellCaster\Alpha_2017_03.SpellCaster.csproj", "{D8EBBDC5-EC64-4606-93E9-844D5FCF7FB2}"
EndProject
Project("{FAE04EC0-301F-11D3-BF4B-00C04F79EFBC}") = "Alpha_2017_01.MazeRunner", "Alpha_2017_01.MazeRunner\Alpha_2017_01.MazeRunner.csproj", "{BADFB756-06B8-46D4-A6FE-E16D1A7070D5}"
EndProject
Project("{FAE04EC0-301F-11D3-BF4B-00C04F79EFBC}") = "Alpha_2017_02.PaperCutter", "Alpha_2017_02.PaperCutter\Alpha_2017_02.PaperCutter.csproj", "{8E42DBA0-6B8F-48D9-A6C2-44DE1C4E1A4D}"
EndProject
Project("{2150E333-8FDC-42A3-9474-1A3956D46DE8}") = "Alpha 2017 Exam", "Alpha 2017 Exam", "{4AA9CDEB-69F0-4E9F-A905-394172E3A0FA}"
EndProject
Project("{2150E333-8FDC-42A3-9474-1A3956D46DE8}") = "Telerik Academy", "Telerik Academy", "{121AEC97-C395-427C-B8A2-230E92B1263E}"
EndProject
Project("{2150E333-8FDC-42A3-9474-1A3956D46DE8}") = "HackerRank", "HackerRank", "{A182B01F-2FEB-4A16-8980-2766E7FAD70F}"
EndProject
Project("{2150E333-8FDC-42A3-9474-1A3956D46DE8}") = "01. Algorithms", "01. Algorithms", "{B151371E-D87A-4AE4-AEC1-AC4420DE9BF1}"
EndProject
Project("{FAE04EC0-301F-11D3-BF4B-00C04F79EFBC}") = "HR0101.SolveMeFirst", "HR0101.SolveMeFirst\HR0101.SolveMeFirst.csproj", "{5AC711D6-3CE4-4FFF-9DCB-28D996D26BBD}"
EndProject
Project("{FAE04EC0-301F-11D3-BF4B-00C04F79EFBC}") = "HR0102.SimpleArraySum", "HR0102.SimpleArraySum\HR0102.SimpleArraySum.csproj", "{15114967-EF74-4741-B93D-F9501EA52CCD}"
EndProject
Project("{FAE04EC0-301F-11D3-BF4B-00C04F79EFBC}") = "HR0103.CompareTheTriplets", "HR0103.CompareTheTriplets\HR0103.CompareTheTriplets.csproj", "{9481DF7E-9220-435E-B8A1-2E24820B82E2}"
EndProject
Project("{FAE04EC0-301F-11D3-BF4B-00C04F79EFBC}") = "HR0104.AVeryBigSum", "HR0104.AVeryBigSum\HR0104.AVeryBigSum.csproj", "{E3C823D1-5EB9-4801-8B5D-460593E37722}"
EndProject
Project("{FAE04EC0-301F-11D3-BF4B-00C04F79EFBC}") = "HR0105.DiagonalDifference", "HR0105.DiagonalDifference\HR0105.DiagonalDifference.csproj", "{F7EF4CA5-C2CD-420D-A294-29906E95112E}"
EndProject
Project("{FAE04EC0-301F-11D3-BF4B-00C04F79EFBC}") = "HR0106.PlusMinus", "HR0106.PlusMinus\HR0106.PlusMinus.csproj", "{CD2CBEAF-4864-4696-83BF-D86230A1AB90}"
EndProject
Project("{FAE04EC0-301F-11D3-BF4B-00C04F79EFBC}") = "HR0107.Staircase", "HR0107.Staircase\HR0107.Staircase.csproj", "{77E459E0-D4D9-41DE-AA80-D8E3F679949D}"
EndProject
Project("{FAE04EC0-301F-11D3-BF4B-00C04F79EFBC}") = "HR0108.MinMaxSum", "HR0108.MinMaxSum\HR0108.MinMaxSum.csproj", "{75F1EC4C-BBE1-4B0B-9937-8D52D761CE32}"
EndProject
Project("{FAE04EC0-301F-11D3-BF4B-00C04F79EFBC}") = "HR0109.BirthdayCakeCandles", "HR0109.BirthdayCakeCandles\HR0109.BirthdayCakeCandles.csproj", "{FE3E0CD0-F245-477A-A694-6F7EC275E21E}"
EndProject
Project("{FAE04EC0-301F-11D3-BF4B-00C04F79EFBC}") = "HR0110.TimeConversion", "HR0110.TimeConversion\HR0110.TimeConversion.csproj", "{281A372F-03C1-4159-A499-DB08274DD080}"
EndProject
Project("{FAE04EC0-301F-11D3-BF4B-00C04F79EFBC}") = "HR0111.GradingStudents", "HR0111.GradingStudents\HR0111.GradingStudents.csproj", "{F8D1910F-747D-41EF-97CC-C9747CA23B2A}"
EndProject
Project("{FAE04EC0-301F-11D3-BF4B-00C04F79EFBC}") = "HR0112.AppleAndOrange", "HR0112.AppleAndOrange\HR0112.AppleAndOrange.csproj", "{8BEAC24B-25BA-40FD-896D-DA6299E28699}"
EndProject
Project("{FAE04EC0-301F-11D3-BF4B-00C04F79EFBC}") = "HR0113.Kangaroo", "HR0113.Kangaroo\HR0113.Kangaroo.csproj", "{F47BCC45-3031-41E5-A55B-F4A732CB6BA9}"
EndProject
Project("{FAE04EC0-301F-11D3-BF4B-00C04F79EFBC}") = "HR0114.BetweenTwoSets", "HR0114.BetweenTwoSets\HR0114.BetweenTwoSets.csproj", "{06E4C415-7C4B-4ECA-A34A-BC4D65B538AD}"
EndProject
Project("{FAE04EC0-301F-11D3-BF4B-00C04F79EFBC}") = "HR0115.BreakingTheRecords", "HR0115.BreakingTheRecords\HR0115.BreakingTheRecords.csproj", "{CE5BEDFB-F84F-462A-8932-607C44CC3B65}"
EndProject
Project("{FAE04EC0-301F-11D3-BF4B-00C04F79EFBC}") = "HR0116.BirthdayChocolate", "HR0116.BirthdayChocolate\HR0116.BirthdayChocolate.csproj", "{28842843-BD0D-4940-A9EA-0E1AC5A1E084}"
EndProject
Project("{FAE04EC0-301F-11D3-BF4B-00C04F79EFBC}") = "PhotonSpaceMiner", "PhotonSpaceMiner\PhotonSpaceMiner.csproj", "{6156E54B-4087-4304-ADB0-76252D8ACEE4}"
EndProject
Project("{FAE04EC0-301F-11D3-BF4B-00C04F79EFBC}") = "PhotonClient", "PhotonClient\PhotonClient.csproj", "{86F617FA-2998-416E-9DC3-2F8711C8E078}"
EndProject
Project("{FAE04EC0-301F-11D3-BF4B-00C04F79EFBC}") = "PhotonServer", "TcpServer\PhotonServer.csproj", "{26A7A950-C29F-4862-8099-D995D9AF73B7}"
EndProject
Project("{FAE04EC0-301F-11D3-BF4B-00C04F79EFBC}") = "ClientDemo", "ClientDemo\ClientDemo.csproj", "{7A7DA579-AF5E-4524-ACC3-3E8B0E348C7D}"
EndProject
Global
	GlobalSection(SolutionConfigurationPlatforms) = preSolution
		Debug|Any CPU = Debug|Any CPU
		Release|Any CPU = Release|Any CPU
	EndGlobalSection
	GlobalSection(ProjectConfigurationPlatforms) = postSolution
		{D8EBBDC5-EC64-4606-93E9-844D5FCF7FB2}.Debug|Any CPU.ActiveCfg = Debug|Any CPU
		{D8EBBDC5-EC64-4606-93E9-844D5FCF7FB2}.Debug|Any CPU.Build.0 = Debug|Any CPU
		{D8EBBDC5-EC64-4606-93E9-844D5FCF7FB2}.Release|Any CPU.ActiveCfg = Release|Any CPU
		{D8EBBDC5-EC64-4606-93E9-844D5FCF7FB2}.Release|Any CPU.Build.0 = Release|Any CPU
		{BADFB756-06B8-46D4-A6FE-E16D1A7070D5}.Debug|Any CPU.ActiveCfg = Debug|Any CPU
		{BADFB756-06B8-46D4-A6FE-E16D1A7070D5}.Debug|Any CPU.Build.0 = Debug|Any CPU
		{BADFB756-06B8-46D4-A6FE-E16D1A7070D5}.Release|Any CPU.ActiveCfg = Release|Any CPU
		{BADFB756-06B8-46D4-A6FE-E16D1A7070D5}.Release|Any CPU.Build.0 = Release|Any CPU
		{8E42DBA0-6B8F-48D9-A6C2-44DE1C4E1A4D}.Debug|Any CPU.ActiveCfg = Debug|Any CPU
		{8E42DBA0-6B8F-48D9-A6C2-44DE1C4E1A4D}.Debug|Any CPU.Build.0 = Debug|Any CPU
		{8E42DBA0-6B8F-48D9-A6C2-44DE1C4E1A4D}.Release|Any CPU.ActiveCfg = Release|Any CPU
		{8E42DBA0-6B8F-48D9-A6C2-44DE1C4E1A4D}.Release|Any CPU.Build.0 = Release|Any CPU
		{5AC711D6-3CE4-4FFF-9DCB-28D996D26BBD}.Debug|Any CPU.ActiveCfg = Debug|Any CPU
		{5AC711D6-3CE4-4FFF-9DCB-28D996D26BBD}.Debug|Any CPU.Build.0 = Debug|Any CPU
		{5AC711D6-3CE4-4FFF-9DCB-28D996D26BBD}.Release|Any CPU.ActiveCfg = Release|Any CPU
		{5AC711D6-3CE4-4FFF-9DCB-28D996D26BBD}.Release|Any CPU.Build.0 = Release|Any CPU
		{15114967-EF74-4741-B93D-F9501EA52CCD}.Debug|Any CPU.ActiveCfg = Debug|Any CPU
		{15114967-EF74-4741-B93D-F9501EA52CCD}.Debug|Any CPU.Build.0 = Debug|Any CPU
		{15114967-EF74-4741-B93D-F9501EA52CCD}.Release|Any CPU.ActiveCfg = Release|Any CPU
		{15114967-EF74-4741-B93D-F9501EA52CCD}.Release|Any CPU.Build.0 = Release|Any CPU
		{9481DF7E-9220-435E-B8A1-2E24820B82E2}.Debug|Any CPU.ActiveCfg = Debug|Any CPU
		{9481DF7E-9220-435E-B8A1-2E24820B82E2}.Debug|Any CPU.Build.0 = Debug|Any CPU
		{9481DF7E-9220-435E-B8A1-2E24820B82E2}.Release|Any CPU.ActiveCfg = Release|Any CPU
		{9481DF7E-9220-435E-B8A1-2E24820B82E2}.Release|Any CPU.Build.0 = Release|Any CPU
		{E3C823D1-5EB9-4801-8B5D-460593E37722}.Debug|Any CPU.ActiveCfg = Debug|Any CPU
		{E3C823D1-5EB9-4801-8B5D-460593E37722}.Debug|Any CPU.Build.0 = Debug|Any CPU
		{E3C823D1-5EB9-4801-8B5D-460593E37722}.Release|Any CPU.ActiveCfg = Release|Any CPU
		{E3C823D1-5EB9-4801-8B5D-460593E37722}.Release|Any CPU.Build.0 = Release|Any CPU
		{F7EF4CA5-C2CD-420D-A294-29906E95112E}.Debug|Any CPU.ActiveCfg = Debug|Any CPU
		{F7EF4CA5-C2CD-420D-A294-29906E95112E}.Debug|Any CPU.Build.0 = Debug|Any CPU
		{F7EF4CA5-C2CD-420D-A294-29906E95112E}.Release|Any CPU.ActiveCfg = Release|Any CPU
		{F7EF4CA5-C2CD-420D-A294-29906E95112E}.Release|Any CPU.Build.0 = Release|Any CPU
		{CD2CBEAF-4864-4696-83BF-D86230A1AB90}.Debug|Any CPU.ActiveCfg = Debug|Any CPU
		{CD2CBEAF-4864-4696-83BF-D86230A1AB90}.Debug|Any CPU.Build.0 = Debug|Any CPU
		{CD2CBEAF-4864-4696-83BF-D86230A1AB90}.Release|Any CPU.ActiveCfg = Release|Any CPU
		{CD2CBEAF-4864-4696-83BF-D86230A1AB90}.Release|Any CPU.Build.0 = Release|Any CPU
		{77E459E0-D4D9-41DE-AA80-D8E3F679949D}.Debug|Any CPU.ActiveCfg = Debug|Any CPU
		{77E459E0-D4D9-41DE-AA80-D8E3F679949D}.Debug|Any CPU.Build.0 = Debug|Any CPU
		{77E459E0-D4D9-41DE-AA80-D8E3F679949D}.Release|Any CPU.ActiveCfg = Release|Any CPU
		{77E459E0-D4D9-41DE-AA80-D8E3F679949D}.Release|Any CPU.Build.0 = Release|Any CPU
		{75F1EC4C-BBE1-4B0B-9937-8D52D761CE32}.Debug|Any CPU.ActiveCfg = Debug|Any CPU
		{75F1EC4C-BBE1-4B0B-9937-8D52D761CE32}.Debug|Any CPU.Build.0 = Debug|Any CPU
		{75F1EC4C-BBE1-4B0B-9937-8D52D761CE32}.Release|Any CPU.ActiveCfg = Release|Any CPU
		{75F1EC4C-BBE1-4B0B-9937-8D52D761CE32}.Release|Any CPU.Build.0 = Release|Any CPU
		{FE3E0CD0-F245-477A-A694-6F7EC275E21E}.Debug|Any CPU.ActiveCfg = Debug|Any CPU
		{FE3E0CD0-F245-477A-A694-6F7EC275E21E}.Debug|Any CPU.Build.0 = Debug|Any CPU
		{FE3E0CD0-F245-477A-A694-6F7EC275E21E}.Release|Any CPU.ActiveCfg = Release|Any CPU
		{FE3E0CD0-F245-477A-A694-6F7EC275E21E}.Release|Any CPU.Build.0 = Release|Any CPU
		{281A372F-03C1-4159-A499-DB08274DD080}.Debug|Any CPU.ActiveCfg = Debug|Any CPU
		{281A372F-03C1-4159-A499-DB08274DD080}.Debug|Any CPU.Build.0 = Debug|Any CPU
		{281A372F-03C1-4159-A499-DB08274DD080}.Release|Any CPU.ActiveCfg = Release|Any CPU
		{281A372F-03C1-4159-A499-DB08274DD080}.Release|Any CPU.Build.0 = Release|Any CPU
		{F8D1910F-747D-41EF-97CC-C9747CA23B2A}.Debug|Any CPU.ActiveCfg = Debug|Any CPU
		{F8D1910F-747D-41EF-97CC-C9747CA23B2A}.Debug|Any CPU.Build.0 = Debug|Any CPU
		{F8D1910F-747D-41EF-97CC-C9747CA23B2A}.Release|Any CPU.ActiveCfg = Release|Any CPU
		{F8D1910F-747D-41EF-97CC-C9747CA23B2A}.Release|Any CPU.Build.0 = Release|Any CPU
		{8BEAC24B-25BA-40FD-896D-DA6299E28699}.Debug|Any CPU.ActiveCfg = Debug|Any CPU
		{8BEAC24B-25BA-40FD-896D-DA6299E28699}.Debug|Any CPU.Build.0 = Debug|Any CPU
		{8BEAC24B-25BA-40FD-896D-DA6299E28699}.Release|Any CPU.ActiveCfg = Release|Any CPU
		{8BEAC24B-25BA-40FD-896D-DA6299E28699}.Release|Any CPU.Build.0 = Release|Any CPU
		{F47BCC45-3031-41E5-A55B-F4A732CB6BA9}.Debug|Any CPU.ActiveCfg = Debug|Any CPU
		{F47BCC45-3031-41E5-A55B-F4A732CB6BA9}.Debug|Any CPU.Build.0 = Debug|Any CPU
		{F47BCC45-3031-41E5-A55B-F4A732CB6BA9}.Release|Any CPU.ActiveCfg = Release|Any CPU
		{F47BCC45-3031-41E5-A55B-F4A732CB6BA9}.Release|Any CPU.Build.0 = Release|Any CPU
		{06E4C415-7C4B-4ECA-A34A-BC4D65B538AD}.Debug|Any CPU.ActiveCfg = Debug|Any CPU
		{06E4C415-7C4B-4ECA-A34A-BC4D65B538AD}.Debug|Any CPU.Build.0 = Debug|Any CPU
		{06E4C415-7C4B-4ECA-A34A-BC4D65B538AD}.Release|Any CPU.ActiveCfg = Release|Any CPU
		{06E4C415-7C4B-4ECA-A34A-BC4D65B538AD}.Release|Any CPU.Build.0 = Release|Any CPU
		{CE5BEDFB-F84F-462A-8932-607C44CC3B65}.Debug|Any CPU.ActiveCfg = Debug|Any CPU
		{CE5BEDFB-F84F-462A-8932-607C44CC3B65}.Debug|Any CPU.Build.0 = Debug|Any CPU
		{CE5BEDFB-F84F-462A-8932-607C44CC3B65}.Release|Any CPU.ActiveCfg = Release|Any CPU
		{CE5BEDFB-F84F-462A-8932-607C44CC3B65}.Release|Any CPU.Build.0 = Release|Any CPU
		{28842843-BD0D-4940-A9EA-0E1AC5A1E084}.Debug|Any CPU.ActiveCfg = Debug|Any CPU
		{28842843-BD0D-4940-A9EA-0E1AC5A1E084}.Debug|Any CPU.Build.0 = Debug|Any CPU
		{28842843-BD0D-4940-A9EA-0E1AC5A1E084}.Release|Any CPU.ActiveCfg = Release|Any CPU
		{28842843-BD0D-4940-A9EA-0E1AC5A1E084}.Release|Any CPU.Build.0 = Release|Any CPU
		{6156E54B-4087-4304-ADB0-76252D8ACEE4}.Debug|Any CPU.ActiveCfg = Debug|Any CPU
		{6156E54B-4087-4304-ADB0-76252D8ACEE4}.Debug|Any CPU.Build.0 = Debug|Any CPU
		{6156E54B-4087-4304-ADB0-76252D8ACEE4}.Release|Any CPU.ActiveCfg = Release|Any CPU
		{6156E54B-4087-4304-ADB0-76252D8ACEE4}.Release|Any CPU.Build.0 = Release|Any CPU
		{86F617FA-2998-416E-9DC3-2F8711C8E078}.Debug|Any CPU.ActiveCfg = Debug|Any CPU
		{86F617FA-2998-416E-9DC3-2F8711C8E078}.Debug|Any CPU.Build.0 = Debug|Any CPU
		{86F617FA-2998-416E-9DC3-2F8711C8E078}.Release|Any CPU.ActiveCfg = Release|Any CPU
		{86F617FA-2998-416E-9DC3-2F8711C8E078}.Release|Any CPU.Build.0 = Release|Any CPU
		{26A7A950-C29F-4862-8099-D995D9AF73B7}.Debug|Any CPU.ActiveCfg = Debug|Any CPU
		{26A7A950-C29F-4862-8099-D995D9AF73B7}.Debug|Any CPU.Build.0 = Debug|Any CPU
		{26A7A950-C29F-4862-8099-D995D9AF73B7}.Release|Any CPU.ActiveCfg = Release|Any CPU
		{26A7A950-C29F-4862-8099-D995D9AF73B7}.Release|Any CPU.Build.0 = Release|Any CPU
		{7A7DA579-AF5E-4524-ACC3-3E8B0E348C7D}.Debug|Any CPU.ActiveCfg = Debug|Any CPU
		{7A7DA579-AF5E-4524-ACC3-3E8B0E348C7D}.Debug|Any CPU.Build.0 = Debug|Any CPU
		{7A7DA579-AF5E-4524-ACC3-3E8B0E348C7D}.Release|Any CPU.ActiveCfg = Release|Any CPU
		{7A7DA579-AF5E-4524-ACC3-3E8B0E348C7D}.Release|Any CPU.Build.0 = Release|Any CPU
	EndGlobalSection
	GlobalSection(SolutionProperties) = preSolution
		HideSolutionNode = FALSE
	EndGlobalSection
	GlobalSection(NestedProjects) = preSolution
		{D8EBBDC5-EC64-4606-93E9-844D5FCF7FB2} = {4AA9CDEB-69F0-4E9F-A905-394172E3A0FA}
		{BADFB756-06B8-46D4-A6FE-E16D1A7070D5} = {4AA9CDEB-69F0-4E9F-A905-394172E3A0FA}
		{8E42DBA0-6B8F-48D9-A6C2-44DE1C4E1A4D} = {4AA9CDEB-69F0-4E9F-A905-394172E3A0FA}
		{4AA9CDEB-69F0-4E9F-A905-394172E3A0FA} = {121AEC97-C395-427C-B8A2-230E92B1263E}
		{B151371E-D87A-4AE4-AEC1-AC4420DE9BF1} = {A182B01F-2FEB-4A16-8980-2766E7FAD70F}
		{5AC711D6-3CE4-4FFF-9DCB-28D996D26BBD} = {B151371E-D87A-4AE4-AEC1-AC4420DE9BF1}
		{15114967-EF74-4741-B93D-F9501EA52CCD} = {B151371E-D87A-4AE4-AEC1-AC4420DE9BF1}
		{9481DF7E-9220-435E-B8A1-2E24820B82E2} = {B151371E-D87A-4AE4-AEC1-AC4420DE9BF1}
		{E3C823D1-5EB9-4801-8B5D-460593E37722} = {B151371E-D87A-4AE4-AEC1-AC4420DE9BF1}
		{F7EF4CA5-C2CD-420D-A294-29906E95112E} = {B151371E-D87A-4AE4-AEC1-AC4420DE9BF1}
		{CD2CBEAF-4864-4696-83BF-D86230A1AB90} = {B151371E-D87A-4AE4-AEC1-AC4420DE9BF1}
		{77E459E0-D4D9-41DE-AA80-D8E3F679949D} = {B151371E-D87A-4AE4-AEC1-AC4420DE9BF1}
		{75F1EC4C-BBE1-4B0B-9937-8D52D761CE32} = {B151371E-D87A-4AE4-AEC1-AC4420DE9BF1}
		{FE3E0CD0-F245-477A-A694-6F7EC275E21E} = {B151371E-D87A-4AE4-AEC1-AC4420DE9BF1}
		{281A372F-03C1-4159-A499-DB08274DD080} = {B151371E-D87A-4AE4-AEC1-AC4420DE9BF1}
		{F8D1910F-747D-41EF-97CC-C9747CA23B2A} = {B151371E-D87A-4AE4-AEC1-AC4420DE9BF1}
		{8BEAC24B-25BA-40FD-896D-DA6299E28699} = {B151371E-D87A-4AE4-AEC1-AC4420DE9BF1}
		{F47BCC45-3031-41E5-A55B-F4A732CB6BA9} = {B151371E-D87A-4AE4-AEC1-AC4420DE9BF1}
		{06E4C415-7C4B-4ECA-A34A-BC4D65B538AD} = {B151371E-D87A-4AE4-AEC1-AC4420DE9BF1}
		{CE5BEDFB-F84F-462A-8932-607C44CC3B65} = {B151371E-D87A-4AE4-AEC1-AC4420DE9BF1}
		{28842843-BD0D-4940-A9EA-0E1AC5A1E084} = {B151371E-D87A-4AE4-AEC1-AC4420DE9BF1}
	EndGlobalSection
EndGlobal
