
Microsoft Visual Studio Solution File, Format Version 12.00
# Visual Studio 15
VisualStudioVersion = 15.0.26430.13
MinimumVisualStudioVersion = 10.0.40219.1
Project("{FAE04EC0-301F-11D3-BF4B-00C04F79EFBC}") = "Alpha_2017_03.SpellCaster", "Alpha_2017_03.SpellCaster\Alpha_2017_03.SpellCaster.csproj", "{D8EBBDC5-EC64-4606-93E9-844D5FCF7FB2}"
EndProject
Project("{FAE04EC0-301F-11D3-BF4B-00C04F79EFBC}") = "Alpha_2017_01.MazeRunner", "Alpha_2017_01.MazeRunner\Alpha_2017_01.MazeRunner.csproj", "{BADFB756-06B8-46D4-A6FE-E16D1A7070D5}"
EndProject
Global
	GlobalSection(SolutionConfigurationPlatforms) = preSolution
		Debug|Any CPU = Debug|Any CPU
		Release|Any CPU = Release|Any CPU
	EndGlobalSection
	GlobalSection(ProjectConfigurationPlatforms) = postSolution
		{D8EBBDC5-EC64-4606-93E9-844D5FCF7FB2}.Debug|Any CPU.ActiveCfg = Debug|Any CPU
		{D8EBBDC5-EC64-4606-93E9-844D5FCF7FB2}.Debug|Any CPU.Build.0 = Debug|Any CPU
		{D8EBBDC5-EC64-4606-93E9-844D5FCF7FB2}.Release|Any CPU.ActiveCfg = Release|Any CPU
		{D8EBBDC5-EC64-4606-93E9-844D5FCF7FB2}.Release|Any CPU.Build.0 = Release|Any CPU
		{BADFB756-06B8-46D4-A6FE-E16D1A7070D5}.Debug|Any CPU.ActiveCfg = Debug|Any CPU
		{BADFB756-06B8-46D4-A6FE-E16D1A7070D5}.Debug|Any CPU.Build.0 = Debug|Any CPU
		{BADFB756-06B8-46D4-A6FE-E16D1A7070D5}.Release|Any CPU.ActiveCfg = Release|Any CPU
		{BADFB756-06B8-46D4-A6FE-E16D1A7070D5}.Release|Any CPU.Build.0 = Release|Any CPU
	EndGlobalSection
	GlobalSection(SolutionProperties) = preSolution
		HideSolutionNode = FALSE
	EndGlobalSection
EndGlobal
